hash: 5fc86b9d1f1a92703465626d2e6d3d569956410e173e715da77d36467e38f9c6
updated: 2018-04-17T23:35:38.9370019-07:00
imports:
- name: github.com/fsnotify/fsnotify
  version: c2828203cd70a50dcccfb2761f8b1f8ceef9a8e9
- name: github.com/golang/snappy
  version: 553a641470496b2327abcac10b36396bd98e45c9
- name: github.com/hashicorp/errwrap
  version: 7554cd9344cec97297fa6649b055a8c98c2a1e55
- name: github.com/hashicorp/go-cleanhttp
  version: d5fe4b57a186c716b0e00b8c301cbd9b4182694d
- name: github.com/hashicorp/go-multierror
  version: b7773ae218740a7be65057fc60b366a49b538a44
- name: github.com/hashicorp/go-rootcerts
  version: 6bb64b370b90e7ef1fa532be9e591a81c3493e00
- name: github.com/hashicorp/hcl
  version: 23c074d0eceb2b8a5bfdbb271ab780cde70f05a8
  subpackages:
  - hcl/ast
  - hcl/parser
  - hcl/printer
  - hcl/scanner
  - hcl/strconv
  - hcl/token
  - json/parser
  - json/scanner
  - json/token
- name: github.com/hashicorp/vault
  version: 5dd7f25f5c4b541f2da62d70075b6f82771a650d
  subpackages:
  - api
  - helper/compressutil
  - helper/jsonutil
  - helper/parseutil
  - helper/strutil
- name: github.com/inconshreveable/mousetrap
  version: 76626ae9c91c4f2a10f34cad8ce83ea42c93bb75
- name: github.com/magiconair/properties
  version: 2c9e9502788518c97fe44e8955cd069417ee89df
- name: github.com/mitchellh/go-homedir
  version: b8bc1bf767474819792c23f32d8286a45736f1c6
- name: github.com/mitchellh/mapstructure
  version: 00c29f56e2386353d58c599509e8dc3801b0d716
- name: github.com/pelletier/go-toml
  version: acdc4509485b587f5e675510c4f2c63e90ff68a8
- name: github.com/ryanuber/go-glob
  version: 256dc444b735e061061cf46c809487313d5b0065
- name: github.com/sethgrid/pester
  version: ed9870dad3170c0b25ab9b11830cc57c3a7798fb
- name: github.com/Sirupsen/logrus
  version: c155da19408a8799da419ed3eeb0cb5db0ad5dbc
- name: github.com/spf13/afero
  version: bbf41cb36dffe15dff5bf7e18c447801e7ffe163
  subpackages:
  - mem
- name: github.com/spf13/cast
  version: 8965335b8c7107321228e3e3702cab9832751bac
- name: github.com/spf13/cobra
  version: 7b2c5ac9fc04fc5efafb60700713d4fa609b777b
- name: github.com/spf13/jwalterweatherman
  version: 7c0cea34c8ece3fbeb2b27ab9b59511d360fb394
- name: github.com/spf13/pflag
  version: ee5fd03fd6acfd43e44aea0b4135958546ed8e73
- name: github.com/spf13/viper
  version: b5e8006cbee93ec955a89ab31e0e3ce3204f3736
- name: golang.org/x/crypto
  version: beaf6a35706e5032ae4c3fcf342c663c069f44d2
  subpackages:
  - ssh/terminal
- name: golang.org/x/net
  version: cbe0f9307d0156177f9dd5dc85da1a31abc5f2fb
  subpackages:
  - http2
  - http2/hpack
  - idna
  - lex/httplex
- name: golang.org/x/sys
  version: f6cff0780e542efa0c8e864dc8fa522808f6a598
  subpackages:
  - unix
  - windows
- name: golang.org/x/text
  version: 27420a1a391f5504f73155051cd274311bf70883
  subpackages:
  - secure/bidirule
  - transform
  - unicode/bidi
  - unicode/norm
- name: gopkg.in/yaml.v2
  version: 7f97868eec74b32b0982dd158a51a446d1da7eb5
testImports: []
